
Microsoft Visual Studio Solution File, Format Version 12.00
# Visual Studio 15
VisualStudioVersion = 15.0.28010.2036
MinimumVisualStudioVersion = 10.0.40219.1
Project("{FAE04EC0-301F-11D3-BF4B-00C04F79EFBC}") = "WorkflowEngine", "WorkflowEngine\WorkflowEngine.csproj", "{56137B77-DE58-468B-848F-4456012FA001}"
EndProject
Global
	GlobalSection(SolutionConfigurationPlatforms) = preSolution
		Debug|Any CPU = Debug|Any CPU
		Release|Any CPU = Release|Any CPU
	EndGlobalSection
	GlobalSection(ProjectConfigurationPlatforms) = postSolution
		{56137B77-DE58-468B-848F-4456012FA001}.Debug|Any CPU.ActiveCfg = Debug|Any CPU
		{56137B77-DE58-468B-848F-4456012FA001}.Debug|Any CPU.Build.0 = Debug|Any CPU
		{56137B77-DE58-468B-848F-4456012FA001}.Release|Any CPU.ActiveCfg = Release|Any CPU
		{56137B77-DE58-468B-848F-4456012FA001}.Release|Any CPU.Build.0 = Release|Any CPU
	EndGlobalSection
	GlobalSection(SolutionProperties) = preSolution
		HideSolutionNode = FALSE
	EndGlobalSection
	GlobalSection(ExtensibilityGlobals) = postSolution
		SolutionGuid = {8316A694-F324-4D35-ACD6-75E6737DE4EB}
	EndGlobalSection
EndGlobal
